
Microsoft Visual Studio Solution File, Format Version 12.00
# Visual Studio Version 16
VisualStudioVersion = 16.0.32802.440
MinimumVisualStudioVersion = 10.0.40219.1
Project("{FAE04EC0-301F-11D3-BF4B-00C04F79EFBC}") = "SalesWebMvc", "SalesWebMvc\SalesWebMvc.csproj", "{370C38F9-8190-400A-9709-50D2FC8067CE}"
EndProject
Global
	GlobalSection(SolutionConfigurationPlatforms) = preSolution
		Debug|Any CPU = Debug|Any CPU
		Release|Any CPU = Release|Any CPU
	EndGlobalSection
	GlobalSection(ProjectConfigurationPlatforms) = postSolution
		{370C38F9-8190-400A-9709-50D2FC8067CE}.Debug|Any CPU.ActiveCfg = Debug|Any CPU
		{370C38F9-8190-400A-9709-50D2FC8067CE}.Debug|Any CPU.Build.0 = Debug|Any CPU
		{370C38F9-8190-400A-9709-50D2FC8067CE}.Release|Any CPU.ActiveCfg = Release|Any CPU
		{370C38F9-8190-400A-9709-50D2FC8067CE}.Release|Any CPU.Build.0 = Release|Any CPU
	EndGlobalSection
	GlobalSection(SolutionProperties) = preSolution
		HideSolutionNode = FALSE
	EndGlobalSection
	GlobalSection(ExtensibilityGlobals) = postSolution
		SolutionGuid = {545E02A6-961A-4878-95B0-F454FA9E1FD4}
	EndGlobalSection
EndGlobal
